
Microsoft Visual Studio Solution File, Format Version 12.00
# Visual Studio Version 16
VisualStudioVersion = 16.0.30717.126
MinimumVisualStudioVersion = 10.0.40219.1
Project("{8BC9CEB8-8B4A-11D0-8D11-00A0C91BC942}") = "MyEigenFace_train", "MyEigenFace\MyEigenFace.vcxproj", "{F8F0EB1F-2784-40EF-BC5D-485C8DDDA3F8}"
EndProject
Project("{8BC9CEB8-8B4A-11D0-8D11-00A0C91BC942}") = "MyEigenFace_test", "MyEigenFace_test\MyEigenFace_test.vcxproj", "{71EA90BC-CCBB-4DE0-B2BF-966C1CEDC068}"
EndProject
Global
	GlobalSection(SolutionConfigurationPlatforms) = preSolution
		Debug|x64 = Debug|x64
		Debug|x86 = Debug|x86
		Release|x64 = Release|x64
		Release|x86 = Release|x86
	EndGlobalSection
	GlobalSection(ProjectConfigurationPlatforms) = postSolution
		{F8F0EB1F-2784-40EF-BC5D-485C8DDDA3F8}.Debug|x64.ActiveCfg = Debug|x64
		{F8F0EB1F-2784-40EF-BC5D-485C8DDDA3F8}.Debug|x64.Build.0 = Debug|x64
		{F8F0EB1F-2784-40EF-BC5D-485C8DDDA3F8}.Debug|x86.ActiveCfg = Debug|Win32
		{F8F0EB1F-2784-40EF-BC5D-485C8DDDA3F8}.Debug|x86.Build.0 = Debug|Win32
		{F8F0EB1F-2784-40EF-BC5D-485C8DDDA3F8}.Release|x64.ActiveCfg = Release|x64
		{F8F0EB1F-2784-40EF-BC5D-485C8DDDA3F8}.Release|x64.Build.0 = Release|x64
		{F8F0EB1F-2784-40EF-BC5D-485C8DDDA3F8}.Release|x86.ActiveCfg = Release|Win32
		{F8F0EB1F-2784-40EF-BC5D-485C8DDDA3F8}.Release|x86.Build.0 = Release|Win32
		{71EA90BC-CCBB-4DE0-B2BF-966C1CEDC068}.Debug|x64.ActiveCfg = Debug|x64
		{71EA90BC-CCBB-4DE0-B2BF-966C1CEDC068}.Debug|x64.Build.0 = Debug|x64
		{71EA90BC-CCBB-4DE0-B2BF-966C1CEDC068}.Debug|x86.ActiveCfg = Debug|Win32
		{71EA90BC-CCBB-4DE0-B2BF-966C1CEDC068}.Debug|x86.Build.0 = Debug|Win32
		{71EA90BC-CCBB-4DE0-B2BF-966C1CEDC068}.Release|x64.ActiveCfg = Release|x64
		{71EA90BC-CCBB-4DE0-B2BF-966C1CEDC068}.Release|x64.Build.0 = Release|x64
		{71EA90BC-CCBB-4DE0-B2BF-966C1CEDC068}.Release|x86.ActiveCfg = Release|Win32
		{71EA90BC-CCBB-4DE0-B2BF-966C1CEDC068}.Release|x86.Build.0 = Release|Win32
	EndGlobalSection
	GlobalSection(SolutionProperties) = preSolution
		HideSolutionNode = FALSE
	EndGlobalSection
	GlobalSection(ExtensibilityGlobals) = postSolution
		SolutionGuid = {9EF0D570-1D27-46D0-A92F-C02F2C45E926}
	EndGlobalSection
EndGlobal
